# Generated by pub
# See https://dart.dev/tools/pub/glossary#lockfile
packages:
  cake:
    dependency: "direct main"
    description:
      name: cake
      sha256: "19d28e5f1577357c1b7e08190e3d98cc4fbe09441166f9401e0716316552d542"
      url: "http://butterfree.lan:30117"
    source: hosted
    version: "5.0.1"
sdks:
  dart: ">=2.17.0 <4.0.0"
